// !$*UTF8*$!
{
	archiveVersion = 1;
	classes = {
	};
	objectVersion = 52;
	objects = {

/* Begin PBXBuildFile section */
		D604687D24AF1E14005ABB83 /* Main.storyboard in Resources */ = {isa = PBXBuildFile; fileRef = D604687C24AF1E14005ABB83 /* Main.storyboard */; };
		D604688124AF1E8C005ABB83 /* CounterViewModel.shared.swift in Sources */ = {isa = PBXBuildFile; fileRef = D604688024AF1E8C005ABB83 /* CounterViewModel.shared.swift */; };
		D64D508C24AF14FF007EEB02 /* AppDelegate.swift in Sources */ = {isa = PBXBuildFile; fileRef = D64D508B24AF14FF007EEB02 /* AppDelegate.swift */; };
		D64D508E24AF14FF007EEB02 /* SceneDelegate.swift in Sources */ = {isa = PBXBuildFile; fileRef = D64D508D24AF14FF007EEB02 /* SceneDelegate.swift */; };
		D64D509024AF14FF007EEB02 /* CounterViewController.swift in Sources */ = {isa = PBXBuildFile; fileRef = D64D508F24AF14FF007EEB02 /* CounterViewController.swift */; };
		D64D509524AF14FF007EEB02 /* Assets.xcassets in Resources */ = {isa = PBXBuildFile; fileRef = D64D509424AF14FF007EEB02 /* Assets.xcassets */; };
		D64D509824AF14FF007EEB02 /* LaunchScreen.storyboard in Resources */ = {isa = PBXBuildFile; fileRef = D64D509624AF14FF007EEB02 /* LaunchScreen.storyboard */; };
		D6906BD424AF1638008BC97E /* AppModule.swift in Sources */ = {isa = PBXBuildFile; fileRef = D6906BD124AF1638008BC97E /* AppModule.swift */; };
		D6906BD524AF1638008BC97E /* AppModule+CodeGenerated.swift in Sources */ = {isa = PBXBuildFile; fileRef = D6906BD224AF1638008BC97E /* AppModule+CodeGenerated.swift */; };
		D6906BD624AF1638008BC97E /* LoggerMiddleware.swift in Sources */ = {isa = PBXBuildFile; fileRef = D6906BD324AF1638008BC97E /* LoggerMiddleware.swift */; };
		D6906BDC24AF16C4008BC97E /* RxSwiftRex in Frameworks */ = {isa = PBXBuildFile; productRef = D6906BDB24AF16C4008BC97E /* RxSwiftRex */; };
		D6906BE024AF171D008BC97E /* Store.swift in Sources */ = {isa = PBXBuildFile; fileRef = D6906BDF24AF171D008BC97E /* Store.swift */; };
		D6906BE224AF1752008BC97E /* World.swift in Sources */ = {isa = PBXBuildFile; fileRef = D6906BE124AF1752008BC97E /* World.swift */; };
/* End PBXBuildFile section */

/* Begin PBXFileReference section */
		D604687C24AF1E14005ABB83 /* Main.storyboard */ = {isa = PBXFileReference; fileEncoding = 4; lastKnownFileType = file.storyboard; path = Main.storyboard; sourceTree = "<group>"; };
		D604688024AF1E8C005ABB83 /* CounterViewModel.shared.swift */ = {isa = PBXFileReference; fileEncoding = 4; lastKnownFileType = sourcecode.swift; name = CounterViewModel.shared.swift; path = ../../../Common/CounterViewModel.shared.swift; sourceTree = "<group>"; };
		D64D508824AF14FF007EEB02 /* Counter.UIKit.app */ = {isa = PBXFileReference; explicitFileType = wrapper.application; includeInIndex = 0; path = Counter.UIKit.app; sourceTree = BUILT_PRODUCTS_DIR; };
		D64D508B24AF14FF007EEB02 /* AppDelegate.swift */ = {isa = PBXFileReference; lastKnownFileType = sourcecode.swift; path = AppDelegate.swift; sourceTree = "<group>"; };
		D64D508D24AF14FF007EEB02 /* SceneDelegate.swift */ = {isa = PBXFileReference; lastKnownFileType = sourcecode.swift; path = SceneDelegate.swift; sourceTree = "<group>"; };
		D64D508F24AF14FF007EEB02 /* CounterViewController.swift */ = {isa = PBXFileReference; lastKnownFileType = sourcecode.swift; path = CounterViewController.swift; sourceTree = "<group>"; };
		D64D509424AF14FF007EEB02 /* Assets.xcassets */ = {isa = PBXFileReference; lastKnownFileType = folder.assetcatalog; path = Assets.xcassets; sourceTree = "<group>"; };
		D64D509724AF14FF007EEB02 /* Base */ = {isa = PBXFileReference; lastKnownFileType = file.storyboard; name = Base; path = Base.lproj/LaunchScreen.storyboard; sourceTree = "<group>"; };
		D64D509924AF14FF007EEB02 /* Info.plist */ = {isa = PBXFileReference; lastKnownFileType = text.plist.xml; path = Info.plist; sourceTree = "<group>"; };
		D6906BD124AF1638008BC97E /* AppModule.swift */ = {isa = PBXFileReference; fileEncoding = 4; lastKnownFileType = sourcecode.swift; path = AppModule.swift; sourceTree = "<group>"; };
		D6906BD224AF1638008BC97E /* AppModule+CodeGenerated.swift */ = {isa = PBXFileReference; fileEncoding = 4; lastKnownFileType = sourcecode.swift; path = "AppModule+CodeGenerated.swift"; sourceTree = "<group>"; };
		D6906BD324AF1638008BC97E /* LoggerMiddleware.swift */ = {isa = PBXFileReference; fileEncoding = 4; lastKnownFileType = sourcecode.swift; path = LoggerMiddleware.swift; sourceTree = "<group>"; };
		D6906BDF24AF171D008BC97E /* Store.swift */ = {isa = PBXFileReference; lastKnownFileType = sourcecode.swift; path = Store.swift; sourceTree = "<group>"; };
		D6906BE124AF1752008BC97E /* World.swift */ = {isa = PBXFileReference; lastKnownFileType = sourcecode.swift; path = World.swift; sourceTree = "<group>"; };
/* End PBXFileReference section */

/* Begin PBXFrameworksBuildPhase section */
		D64D508524AF14FF007EEB02 /* Frameworks */ = {
			isa = PBXFrameworksBuildPhase;
			buildActionMask = 2147483647;
			files = (
				D6906BDC24AF16C4008BC97E /* RxSwiftRex in Frameworks */,
			);
			runOnlyForDeploymentPostprocessing = 0;
		};
/* End PBXFrameworksBuildPhase section */

/* Begin PBXGroup section */
		D64D507F24AF14FE007EEB02 = {
			isa = PBXGroup;
			children = (
				D64D508A24AF14FF007EEB02 /* Counter.UIKit */,
				D64D508924AF14FF007EEB02 /* Products */,
			);
			sourceTree = "<group>";
		};
		D64D508924AF14FF007EEB02 /* Products */ = {
			isa = PBXGroup;
			children = (
				D64D508824AF14FF007EEB02 /* Counter.UIKit.app */,
			);
			name = Products;
			sourceTree = "<group>";
		};
		D64D508A24AF14FF007EEB02 /* Counter.UIKit */ = {
			isa = PBXGroup;
			children = (
				D6906BEC24AF1A82008BC97E /* Bootstrap */,
				D6906BD024AF1638008BC97E /* Common */,
				D6906BED24AF1AC6008BC97E /* CounterView */,
				D6906BDF24AF171D008BC97E /* Store.swift */,
			);
			path = Counter.UIKit;
			sourceTree = "<group>";
		};
		D6906BD024AF1638008BC97E /* Common */ = {
			isa = PBXGroup;
			children = (
				D6906BD124AF1638008BC97E /* AppModule.swift */,
				D6906BD224AF1638008BC97E /* AppModule+CodeGenerated.swift */,
				D6906BD324AF1638008BC97E /* LoggerMiddleware.swift */,
				D6906BE124AF1752008BC97E /* World.swift */,
			);
			name = Common;
			path = ../../Common;
			sourceTree = "<group>";
		};
		D6906BEC24AF1A82008BC97E /* Bootstrap */ = {
			isa = PBXGroup;
			children = (
				D604687C24AF1E14005ABB83 /* Main.storyboard */,
				D64D508B24AF14FF007EEB02 /* AppDelegate.swift */,
				D64D508D24AF14FF007EEB02 /* SceneDelegate.swift */,
				D64D509424AF14FF007EEB02 /* Assets.xcassets */,
				D64D509624AF14FF007EEB02 /* LaunchScreen.storyboard */,
				D64D509924AF14FF007EEB02 /* Info.plist */,
			);
			path = Bootstrap;
			sourceTree = "<group>";
		};
		D6906BED24AF1AC6008BC97E /* CounterView */ = {
			isa = PBXGroup;
			children = (
				D64D508F24AF14FF007EEB02 /* CounterViewController.swift */,
				D604688024AF1E8C005ABB83 /* CounterViewModel.shared.swift */,
			);
			path = CounterView;
			sourceTree = "<group>";
		};
/* End PBXGroup section */

/* Begin PBXNativeTarget section */
		D64D508724AF14FF007EEB02 /* Counter.UIKit */ = {
			isa = PBXNativeTarget;
			buildConfigurationList = D64D509C24AF14FF007EEB02 /* Build configuration list for PBXNativeTarget "Counter.UIKit" */;
			buildPhases = (
				D64D508424AF14FF007EEB02 /* Sources */,
				D64D508524AF14FF007EEB02 /* Frameworks */,
				D64D508624AF14FF007EEB02 /* Resources */,
			);
			buildRules = (
			);
			dependencies = (
			);
			name = Counter.UIKit;
			packageProductDependencies = (
				D6906BDB24AF16C4008BC97E /* RxSwiftRex */,
			);
			productName = Counter.UIKit;
			productReference = D64D508824AF14FF007EEB02 /* Counter.UIKit.app */;
			productType = "com.apple.product-type.application";
		};
/* End PBXNativeTarget section */

/* Begin PBXProject section */
		D64D508024AF14FE007EEB02 /* Project object */ = {
			isa = PBXProject;
			attributes = {
				LastSwiftUpdateCheck = 1150;
				LastUpgradeCheck = 1150;
				ORGANIZATIONNAME = DeveloperCity;
				TargetAttributes = {
					D64D508724AF14FF007EEB02 = {
						CreatedOnToolsVersion = 11.5;
					};
				};
			};
			buildConfigurationList = D64D508324AF14FE007EEB02 /* Build configuration list for PBXProject "Counter.UIKit" */;
			compatibilityVersion = "Xcode 9.3";
			developmentRegion = en;
			hasScannedForEncodings = 0;
			knownRegions = (
				en,
				Base,
			);
			mainGroup = D64D507F24AF14FE007EEB02;
			packageReferences = (
				D6906BDA24AF16C4008BC97E /* XCRemoteSwiftPackageReference "SwiftRex" */,
			);
			productRefGroup = D64D508924AF14FF007EEB02 /* Products */;
			projectDirPath = "";
			projectRoot = "";
			targets = (
				D64D508724AF14FF007EEB02 /* Counter.UIKit */,
			);
		};
/* End PBXProject section */

/* Begin PBXResourcesBuildPhase section */
		D64D508624AF14FF007EEB02 /* Resources */ = {
			isa = PBXResourcesBuildPhase;
			buildActionMask = 2147483647;
			files = (
				D604687D24AF1E14005ABB83 /* Main.storyboard in Resources */,
				D64D509824AF14FF007EEB02 /* LaunchScreen.storyboard in Resources */,
				D64D509524AF14FF007EEB02 /* Assets.xcassets in Resources */,
			);
			runOnlyForDeploymentPostprocessing = 0;
		};
/* End PBXResourcesBuildPhase section */

/* Begin PBXSourcesBuildPhase section */
		D64D508424AF14FF007EEB02 /* Sources */ = {
			isa = PBXSourcesBuildPhase;
			buildActionMask = 2147483647;
			files = (
				D6906BE024AF171D008BC97E /* Store.swift in Sources */,
				D6906BD524AF1638008BC97E /* AppModule+CodeGenerated.swift in Sources */,
				D64D509024AF14FF007EEB02 /* CounterViewController.swift in Sources */,
				D6906BD424AF1638008BC97E /* AppModule.swift in Sources */,
				D6906BD624AF1638008BC97E /* LoggerMiddleware.swift in Sources */,
				D64D508C24AF14FF007EEB02 /* AppDelegate.swift in Sources */,
				D6906BE224AF1752008BC97E /* World.swift in Sources */,
				D604688124AF1E8C005ABB83 /* CounterViewModel.shared.swift in Sources */,
				D64D508E24AF14FF007EEB02 /* SceneDelegate.swift in Sources */,
			);
			runOnlyForDeploymentPostprocessing = 0;
		};
/* End PBXSourcesBuildPhase section */

/* Begin PBXVariantGroup section */
		D64D509624AF14FF007EEB02 /* LaunchScreen.storyboard */ = {
			isa = PBXVariantGroup;
			children = (
				D64D509724AF14FF007EEB02 /* Base */,
			);
			name = LaunchScreen.storyboard;
			sourceTree = "<group>";
		};
/* End PBXVariantGroup section */

/* Begin XCBuildConfiguration section */
		D64D509A24AF14FF007EEB02 /* Debug */ = {
			isa = XCBuildConfiguration;
			buildSettings = {
				ALWAYS_SEARCH_USER_PATHS = NO;
				CLANG_ANALYZER_NONNULL = YES;
				CLANG_ANALYZER_NUMBER_OBJECT_CONVERSION = YES_AGGRESSIVE;
				CLANG_CXX_LANGUAGE_STANDARD = "gnu++14";
				CLANG_CXX_LIBRARY = "libc++";
				CLANG_ENABLE_MODULES = YES;
				CLANG_ENABLE_OBJC_ARC = YES;
				CLANG_ENABLE_OBJC_WEAK = YES;
				CLANG_WARN_BLOCK_CAPTURE_AUTORELEASING = YES;
				CLANG_WARN_BOOL_CONVERSION = YES;
				CLANG_WARN_COMMA = YES;
				CLANG_WARN_CONSTANT_CONVERSION = YES;
				CLANG_WARN_DEPRECATED_OBJC_IMPLEMENTATIONS = YES;
				CLANG_WARN_DIRECT_OBJC_ISA_USAGE = YES_ERROR;
				CLANG_WARN_DOCUMENTATION_COMMENTS = YES;
				CLANG_WARN_EMPTY_BODY = YES;
				CLANG_WARN_ENUM_CONVERSION = YES;
				CLANG_WARN_INFINITE_RECURSION = YES;
				CLANG_WARN_INT_CONVERSION = YES;
				CLANG_WARN_NON_LITERAL_NULL_CONVERSION = YES;
				CLANG_WARN_OBJC_IMPLICIT_RETAIN_SELF = YES;
				CLANG_WARN_OBJC_LITERAL_CONVERSION = YES;
				CLANG_WARN_OBJC_ROOT_CLASS = YES_ERROR;
				CLANG_WARN_RANGE_LOOP_ANALYSIS = YES;
				CLANG_WARN_STRICT_PROTOTYPES = YES;
				CLANG_WARN_SUSPICIOUS_MOVE = YES;
				CLANG_WARN_UNGUARDED_AVAILABILITY = YES_AGGRESSIVE;
				CLANG_WARN_UNREACHABLE_CODE = YES;
				CLANG_WARN__DUPLICATE_METHOD_MATCH = YES;
				COPY_PHASE_STRIP = NO;
				DEBUG_INFORMATION_FORMAT = dwarf;
				ENABLE_STRICT_OBJC_MSGSEND = YES;
				ENABLE_TESTABILITY = YES;
				GCC_C_LANGUAGE_STANDARD = gnu11;
				GCC_DYNAMIC_NO_PIC = NO;
				GCC_NO_COMMON_BLOCKS = YES;
				GCC_OPTIMIZATION_LEVEL = 0;
				GCC_PREPROCESSOR_DEFINITIONS = (
					"DEBUG=1",
					"$(inherited)",
				);
				GCC_WARN_64_TO_32_BIT_CONVERSION = YES;
				GCC_WARN_ABOUT_RETURN_TYPE = YES_ERROR;
				GCC_WARN_UNDECLARED_SELECTOR = YES;
				GCC_WARN_UNINITIALIZED_AUTOS = YES_AGGRESSIVE;
				GCC_WARN_UNUSED_FUNCTION = YES;
				GCC_WARN_UNUSED_VARIABLE = YES;
				IPHONEOS_DEPLOYMENT_TARGET = 13.5;
				MTL_ENABLE_DEBUG_INFO = INCLUDE_SOURCE;
				MTL_FAST_MATH = YES;
				ONLY_ACTIVE_ARCH = YES;
				SDKROOT = iphoneos;
				SWIFT_ACTIVE_COMPILATION_CONDITIONS = DEBUG;
				SWIFT_OPTIMIZATION_LEVEL = "-Onone";
			};
			name = Debug;
		};
		D64D509B24AF14FF007EEB02 /* Release */ = {
			isa = XCBuildConfiguration;
			buildSettings = {
				ALWAYS_SEARCH_USER_PATHS = NO;
				CLANG_ANALYZER_NONNULL = YES;
				CLANG_ANALYZER_NUMBER_OBJECT_CONVERSION = YES_AGGRESSIVE;
				CLANG_CXX_LANGUAGE_STANDARD = "gnu++14";
				CLANG_CXX_LIBRARY = "libc++";
				CLANG_ENABLE_MODULES = YES;
				CLANG_ENABLE_OBJC_ARC = YES;
				CLANG_ENABLE_OBJC_WEAK = YES;
				CLANG_WARN_BLOCK_CAPTURE_AUTORELEASING = YES;
				CLANG_WARN_BOOL_CONVERSION = YES;
				CLANG_WARN_COMMA = YES;
				CLANG_WARN_CONSTANT_CONVERSION = YES;
				CLANG_WARN_DEPRECATED_OBJC_IMPLEMENTATIONS = YES;
				CLANG_WARN_DIRECT_OBJC_ISA_USAGE = YES_ERROR;
				CLANG_WARN_DOCUMENTATION_COMMENTS = YES;
				CLANG_WARN_EMPTY_BODY = YES;
				CLANG_WARN_ENUM_CONVERSION = YES;
				CLANG_WARN_INFINITE_RECURSION = YES;
				CLANG_WARN_INT_CONVERSION = YES;
				CLANG_WARN_NON_LITERAL_NULL_CONVERSION = YES;
				CLANG_WARN_OBJC_IMPLICIT_RETAIN_SELF = YES;
				CLANG_WARN_OBJC_LITERAL_CONVERSION = YES;
				CLANG_WARN_OBJC_ROOT_CLASS = YES_ERROR;
				CLANG_WARN_RANGE_LOOP_ANALYSIS = YES;
				CLANG_WARN_STRICT_PROTOTYPES = YES;
				CLANG_WARN_SUSPICIOUS_MOVE = YES;
				CLANG_WARN_UNGUARDED_AVAILABILITY = YES_AGGRESSIVE;
				CLANG_WARN_UNREACHABLE_CODE = YES;
				CLANG_WARN__DUPLICATE_METHOD_MATCH = YES;
				COPY_PHASE_STRIP = NO;
				DEBUG_INFORMATION_FORMAT = "dwarf-with-dsym";
				ENABLE_NS_ASSERTIONS = NO;
				ENABLE_STRICT_OBJC_MSGSEND = YES;
				GCC_C_LANGUAGE_STANDARD = gnu11;
				GCC_NO_COMMON_BLOCKS = YES;
				GCC_WARN_64_TO_32_BIT_CONVERSION = YES;
				GCC_WARN_ABOUT_RETURN_TYPE = YES_ERROR;
				GCC_WARN_UNDECLARED_SELECTOR = YES;
				GCC_WARN_UNINITIALIZED_AUTOS = YES_AGGRESSIVE;
				GCC_WARN_UNUSED_FUNCTION = YES;
				GCC_WARN_UNUSED_VARIABLE = YES;
				IPHONEOS_DEPLOYMENT_TARGET = 13.5;
				MTL_ENABLE_DEBUG_INFO = NO;
				MTL_FAST_MATH = YES;
				SDKROOT = iphoneos;
				SWIFT_COMPILATION_MODE = wholemodule;
				SWIFT_OPTIMIZATION_LEVEL = "-O";
				VALIDATE_PRODUCT = YES;
			};
			name = Release;
		};
		D64D509D24AF14FF007EEB02 /* Debug */ = {
			isa = XCBuildConfiguration;
			buildSettings = {
				ASSETCATALOG_COMPILER_APPICON_NAME = AppIcon;
				CODE_SIGN_STYLE = Automatic;
				INFOPLIST_FILE = Counter.UIKit/Bootstrap/Info.plist;
				LD_RUNPATH_SEARCH_PATHS = (
					"$(inherited)",
					"@executable_path/Frameworks",
				);
				PRODUCT_BUNDLE_IDENTIFIER = "de.developercity.Counter-UIKit";
				PRODUCT_NAME = "$(TARGET_NAME)";
				SWIFT_VERSION = 5.0;
				TARGETED_DEVICE_FAMILY = "1,2";
			};
			name = Debug;
		};
		D64D509E24AF14FF007EEB02 /* Release */ = {
			isa = XCBuildConfiguration;
			buildSettings = {
				ASSETCATALOG_COMPILER_APPICON_NAME = AppIcon;
				CODE_SIGN_STYLE = Automatic;
				INFOPLIST_FILE = Counter.UIKit/Bootstrap/Info.plist;
				LD_RUNPATH_SEARCH_PATHS = (
					"$(inherited)",
					"@executable_path/Frameworks",
				);
				PRODUCT_BUNDLE_IDENTIFIER = "de.developercity.Counter-UIKit";
				PRODUCT_NAME = "$(TARGET_NAME)";
				SWIFT_VERSION = 5.0;
				TARGETED_DEVICE_FAMILY = "1,2";
			};
			name = Release;
		};
/* End XCBuildConfiguration section */

/* Begin XCConfigurationList section */
		D64D508324AF14FE007EEB02 /* Build configuration list for PBXProject "Counter.UIKit" */ = {
			isa = XCConfigurationList;
			buildConfigurations = (
				D64D509A24AF14FF007EEB02 /* Debug */,
				D64D509B24AF14FF007EEB02 /* Release */,
			);
			defaultConfigurationIsVisible = 0;
			defaultConfigurationName = Release;
		};
		D64D509C24AF14FF007EEB02 /* Build configuration list for PBXNativeTarget "Counter.UIKit" */ = {
			isa = XCConfigurationList;
			buildConfigurations = (
				D64D509D24AF14FF007EEB02 /* Debug */,
				D64D509E24AF14FF007EEB02 /* Release */,
			);
			defaultConfigurationIsVisible = 0;
			defaultConfigurationName = Release;
		};
/* End XCConfigurationList section */

/* Begin XCRemoteSwiftPackageReference section */
		D6906BDA24AF16C4008BC97E /* XCRemoteSwiftPackageReference "SwiftRex" */ = {
			isa = XCRemoteSwiftPackageReference;
			repositoryURL = "https://github.com/SwiftRex/SwiftRex.git";
			requirement = {
				kind = upToNextMajorVersion;
				minimumVersion = 0.7.4;
			};
		};
/* End XCRemoteSwiftPackageReference section */

/* Begin XCSwiftPackageProductDependency section */
		D6906BDB24AF16C4008BC97E /* RxSwiftRex */ = {
			isa = XCSwiftPackageProductDependency;
			package = D6906BDA24AF16C4008BC97E /* XCRemoteSwiftPackageReference "SwiftRex" */;
			productName = RxSwiftRex;
		};
/* End XCSwiftPackageProductDependency section */
	};
	rootObject = D64D508024AF14FE007EEB02 /* Project object */;
}
